# THIS IS AN AUTOGENERATED FILE. DO NOT EDIT THIS FILE DIRECTLY.
# yarn lockfile v1


react-native-image-pan-zoom@^2.1.11:
  version "2.1.11"
  resolved "https://registry.yarnpkg.com/react-native-image-pan-zoom/-/react-native-image-pan-zoom-2.1.11.tgz#61bcb69219d95e76a9797d23e4a2e8e0bd654ae9"
  integrity sha512-ZCisGUFpPchHXsjT7ZI0anlSLPgcTmjRKXqpVnPu3RDWFXfKjuL4zpY57DX4Y8YgGZCpbf9fApN7KjVYody2Mw==
