# THIS IS AN AUTOGENERATED FILE. DO NOT EDIT THIS FILE DIRECTLY.
# yarn lockfile v1


rn-slider-gallery@^1.0.13:
  version "1.0.13"
  resolved "https://registry.yarnpkg.com/rn-slider-gallery/-/rn-slider-gallery-1.0.13.tgz#df11a064e3b96d0a59574e4ebfbf074e7c831a0f"
  integrity sha512-4mkddvDF1gul+zIDwWC3Uo9RdVGrMWv3OjlHncBqp3dkCbFdDAkUw9+DWK0w6p/trNc7lxN9OanUj9AHwHD6QQ==
